
Microsoft Visual Studio Solution File, Format Version 12.00
# Visual Studio 15
VisualStudioVersion = 15.0.27130.2024
MinimumVisualStudioVersion = 10.0.40219.1
Project("{FAE04EC0-301F-11D3-BF4B-00C04F79EFBC}") = "FootForm", "WindowsFormsApp\FootForm.csproj", "{9477B86D-7F48-4E27-BE75-83C6C2135F80}"
EndProject
Project("{FAE04EC0-301F-11D3-BF4B-00C04F79EFBC}") = "FootballerModel", "parking\FootballerModel.csproj", "{AFAAAE61-33CB-42BF-AC21-6D0E3D2EB890}"
EndProject
Project("{FAE04EC0-301F-11D3-BF4B-00C04F79EFBC}") = "SerializationTest", "UnitTest1\SerializationTest.csproj", "{7E835988-874C-489F-B21B-8959B24C719B}"
EndProject
Global
	GlobalSection(SolutionConfigurationPlatforms) = preSolution
		Debug|Any CPU = Debug|Any CPU
		Release|Any CPU = Release|Any CPU
	EndGlobalSection
	GlobalSection(ProjectConfigurationPlatforms) = postSolution
		{9477B86D-7F48-4E27-BE75-83C6C2135F80}.Debug|Any CPU.ActiveCfg = Debug|Any CPU
		{9477B86D-7F48-4E27-BE75-83C6C2135F80}.Debug|Any CPU.Build.0 = Debug|Any CPU
		{9477B86D-7F48-4E27-BE75-83C6C2135F80}.Release|Any CPU.ActiveCfg = Release|Any CPU
		{9477B86D-7F48-4E27-BE75-83C6C2135F80}.Release|Any CPU.Build.0 = Release|Any CPU
		{AFAAAE61-33CB-42BF-AC21-6D0E3D2EB890}.Debug|Any CPU.ActiveCfg = Debug|Any CPU
		{AFAAAE61-33CB-42BF-AC21-6D0E3D2EB890}.Debug|Any CPU.Build.0 = Debug|Any CPU
		{AFAAAE61-33CB-42BF-AC21-6D0E3D2EB890}.Release|Any CPU.ActiveCfg = Release|Any CPU
		{AFAAAE61-33CB-42BF-AC21-6D0E3D2EB890}.Release|Any CPU.Build.0 = Release|Any CPU
		{7E835988-874C-489F-B21B-8959B24C719B}.Debug|Any CPU.ActiveCfg = Debug|Any CPU
		{7E835988-874C-489F-B21B-8959B24C719B}.Debug|Any CPU.Build.0 = Debug|Any CPU
		{7E835988-874C-489F-B21B-8959B24C719B}.Release|Any CPU.ActiveCfg = Release|Any CPU
		{7E835988-874C-489F-B21B-8959B24C719B}.Release|Any CPU.Build.0 = Release|Any CPU
	EndGlobalSection
	GlobalSection(SolutionProperties) = preSolution
		HideSolutionNode = FALSE
	EndGlobalSection
	GlobalSection(ExtensibilityGlobals) = postSolution
		SolutionGuid = {28E29268-5BEB-4480-8848-1692238E5238}
	EndGlobalSection
EndGlobal
